
Microsoft Visual Studio Solution File, Format Version 12.00
# Visual Studio 15
VisualStudioVersion = 15.0.28307.271
MinimumVisualStudioVersion = 10.0.40219.1
Project("{FAE04EC0-301F-11D3-BF4B-00C04F79EFBC}") = "Workers_TestTask", "Workers_TestTask\Workers_TestTask.csproj", "{FF8B15E5-B034-425C-805F-CAF2A1E75C80}"
EndProject
Global
	GlobalSection(SolutionConfigurationPlatforms) = preSolution
		Debug|Any CPU = Debug|Any CPU
		Release|Any CPU = Release|Any CPU
	EndGlobalSection
	GlobalSection(ProjectConfigurationPlatforms) = postSolution
		{FF8B15E5-B034-425C-805F-CAF2A1E75C80}.Debug|Any CPU.ActiveCfg = Debug|Any CPU
		{FF8B15E5-B034-425C-805F-CAF2A1E75C80}.Debug|Any CPU.Build.0 = Debug|Any CPU
		{FF8B15E5-B034-425C-805F-CAF2A1E75C80}.Release|Any CPU.ActiveCfg = Release|Any CPU
		{FF8B15E5-B034-425C-805F-CAF2A1E75C80}.Release|Any CPU.Build.0 = Release|Any CPU
	EndGlobalSection
	GlobalSection(SolutionProperties) = preSolution
		HideSolutionNode = FALSE
	EndGlobalSection
	GlobalSection(ExtensibilityGlobals) = postSolution
		SolutionGuid = {903E32E5-8529-4E4A-8F01-E1C57C9CA726}
	EndGlobalSection
EndGlobal
